{
	"name": "LessDB",
	"version": "0.0.1",
	"lockfileVersion": 1,
	"requires": true,
	"dependencies": {
		"@esbuild/android-arm": {
			"version": "0.16.17",
			"resolved": "https://registry.npmmirror.com/@esbuild/android-arm/-/android-arm-0.16.17.tgz",
			"integrity": "sha512-N9x1CMXVhtWEAMS7pNNONyA14f71VPQN9Cnavj1XQh6T7bskqiLLrSca4O0Vr8Wdcga943eThxnVp3JLnBMYtw==",
			"dev": true,
			"optional": true
		},
		"@esbuild/android-arm64": {
			"version": "0.16.17",
			"resolved": "https://registry.npmmirror.com/@esbuild/android-arm64/-/android-arm64-0.16.17.tgz",
			"integrity": "sha512-MIGl6p5sc3RDTLLkYL1MyL8BMRN4tLMRCn+yRJJmEDvYZ2M7tmAf80hx1kbNEUX2KJ50RRtxZ4JHLvCfuB6kBg==",
			"dev": true,
			"optional": true
		},
		"@esbuild/android-x64": {
			"version": "0.16.17",
			"resolved": "https://registry.npmmirror.com/@esbuild/android-x64/-/android-x64-0.16.17.tgz",
			"integrity": "sha512-a3kTv3m0Ghh4z1DaFEuEDfz3OLONKuFvI4Xqczqx4BqLyuFaFkuaG4j2MtA6fuWEFeC5x9IvqnX7drmRq/fyAQ==",
			"dev": true,
			"optional": true
		},
		"@esbuild/darwin-arm64": {
			"version": "0.16.17",
			"resolved": "https://registry.npmmirror.com/@esbuild/darwin-arm64/-/darwin-arm64-0.16.17.tgz",
			"integrity": "sha512-/2agbUEfmxWHi9ARTX6OQ/KgXnOWfsNlTeLcoV7HSuSTv63E4DqtAc+2XqGw1KHxKMHGZgbVCZge7HXWX9Vn+w==",
			"dev": true,
			"optional": true
		},
		"@esbuild/darwin-x64": {
			"version": "0.16.17",
			"resolved": "https://registry.npmmirror.com/@esbuild/darwin-x64/-/darwin-x64-0.16.17.tgz",
			"integrity": "sha512-2By45OBHulkd9Svy5IOCZt376Aa2oOkiE9QWUK9fe6Tb+WDr8hXL3dpqi+DeLiMed8tVXspzsTAvd0jUl96wmg==",
			"dev": true,
			"optional": true
		},
		"@esbuild/freebsd-arm64": {
			"version": "0.16.17",
			"resolved": "https://registry.npmmirror.com/@esbuild/freebsd-arm64/-/freebsd-arm64-0.16.17.tgz",
			"integrity": "sha512-mt+cxZe1tVx489VTb4mBAOo2aKSnJ33L9fr25JXpqQqzbUIw/yzIzi+NHwAXK2qYV1lEFp4OoVeThGjUbmWmdw==",
			"dev": true,
			"optional": true
		},
		"@esbuild/freebsd-x64": {
			"version": "0.16.17",
			"resolved": "https://registry.npmmirror.com/@esbuild/freebsd-x64/-/freebsd-x64-0.16.17.tgz",
			"integrity": "sha512-8ScTdNJl5idAKjH8zGAsN7RuWcyHG3BAvMNpKOBaqqR7EbUhhVHOqXRdL7oZvz8WNHL2pr5+eIT5c65kA6NHug==",
			"dev": true,
			"optional": true
		},
		"@esbuild/linux-arm": {
			"version": "0.16.17",
			"resolved": "https://registry.npmmirror.com/@esbuild/linux-arm/-/linux-arm-0.16.17.tgz",
			"integrity": "sha512-iihzrWbD4gIT7j3caMzKb/RsFFHCwqqbrbH9SqUSRrdXkXaygSZCZg1FybsZz57Ju7N/SHEgPyaR0LZ8Zbe9gQ==",
			"dev": true,
			"optional": true
		},
		"@esbuild/linux-arm64": {
			"version": "0.16.17",
			"resolved": "https://registry.npmmirror.com/@esbuild/linux-arm64/-/linux-arm64-0.16.17.tgz",
			"integrity": "sha512-7S8gJnSlqKGVJunnMCrXHU9Q8Q/tQIxk/xL8BqAP64wchPCTzuM6W3Ra8cIa1HIflAvDnNOt2jaL17vaW+1V0g==",
			"dev": true,
			"optional": true
		},
		"@esbuild/linux-ia32": {
			"version": "0.16.17",
			"resolved": "https://registry.npmmirror.com/@esbuild/linux-ia32/-/linux-ia32-0.16.17.tgz",
			"integrity": "sha512-kiX69+wcPAdgl3Lonh1VI7MBr16nktEvOfViszBSxygRQqSpzv7BffMKRPMFwzeJGPxcio0pdD3kYQGpqQ2SSg==",
			"dev": true,
			"optional": true
		},
		"@esbuild/linux-loong64": {
			"version": "0.16.17",
			"resolved": "https://registry.npmmirror.com/@esbuild/linux-loong64/-/linux-loong64-0.16.17.tgz",
			"integrity": "sha512-dTzNnQwembNDhd654cA4QhbS9uDdXC3TKqMJjgOWsC0yNCbpzfWoXdZvp0mY7HU6nzk5E0zpRGGx3qoQg8T2DQ==",
			"dev": true,
			"optional": true
		},
		"@esbuild/linux-mips64el": {
			"version": "0.16.17",
			"resolved": "https://registry.npmmirror.com/@esbuild/linux-mips64el/-/linux-mips64el-0.16.17.tgz",
			"integrity": "sha512-ezbDkp2nDl0PfIUn0CsQ30kxfcLTlcx4Foz2kYv8qdC6ia2oX5Q3E/8m6lq84Dj/6b0FrkgD582fJMIfHhJfSw==",
			"dev": true,
			"optional": true
		},
		"@esbuild/linux-ppc64": {
			"version": "0.16.17",
			"resolved": "https://registry.npmmirror.com/@esbuild/linux-ppc64/-/linux-ppc64-0.16.17.tgz",
			"integrity": "sha512-dzS678gYD1lJsW73zrFhDApLVdM3cUF2MvAa1D8K8KtcSKdLBPP4zZSLy6LFZ0jYqQdQ29bjAHJDgz0rVbLB3g==",
			"dev": true,
			"optional": true
		},
		"@esbuild/linux-riscv64": {
			"version": "0.16.17",
			"resolved": "https://registry.npmmirror.com/@esbuild/linux-riscv64/-/linux-riscv64-0.16.17.tgz",
			"integrity": "sha512-ylNlVsxuFjZK8DQtNUwiMskh6nT0vI7kYl/4fZgV1llP5d6+HIeL/vmmm3jpuoo8+NuXjQVZxmKuhDApK0/cKw==",
			"dev": true,
			"optional": true
		},
		"@esbuild/linux-s390x": {
			"version": "0.16.17",
			"resolved": "https://registry.npmmirror.com/@esbuild/linux-s390x/-/linux-s390x-0.16.17.tgz",
			"integrity": "sha512-gzy7nUTO4UA4oZ2wAMXPNBGTzZFP7mss3aKR2hH+/4UUkCOyqmjXiKpzGrY2TlEUhbbejzXVKKGazYcQTZWA/w==",
			"dev": true,
			"optional": true
		},
		"@esbuild/linux-x64": {
			"version": "0.16.17",
			"resolved": "https://registry.npmmirror.com/@esbuild/linux-x64/-/linux-x64-0.16.17.tgz",
			"integrity": "sha512-mdPjPxfnmoqhgpiEArqi4egmBAMYvaObgn4poorpUaqmvzzbvqbowRllQ+ZgzGVMGKaPkqUmPDOOFQRUFDmeUw==",
			"dev": true,
			"optional": true
		},
		"@esbuild/netbsd-x64": {
			"version": "0.16.17",
			"resolved": "https://registry.npmmirror.com/@esbuild/netbsd-x64/-/netbsd-x64-0.16.17.tgz",
			"integrity": "sha512-/PzmzD/zyAeTUsduZa32bn0ORug+Jd1EGGAUJvqfeixoEISYpGnAezN6lnJoskauoai0Jrs+XSyvDhppCPoKOA==",
			"dev": true,
			"optional": true
		},
		"@esbuild/openbsd-x64": {
			"version": "0.16.17",
			"resolved": "https://registry.npmmirror.com/@esbuild/openbsd-x64/-/openbsd-x64-0.16.17.tgz",
			"integrity": "sha512-2yaWJhvxGEz2RiftSk0UObqJa/b+rIAjnODJgv2GbGGpRwAfpgzyrg1WLK8rqA24mfZa9GvpjLcBBg8JHkoodg==",
			"dev": true,
			"optional": true
		},
		"@esbuild/sunos-x64": {
			"version": "0.16.17",
			"resolved": "https://registry.npmmirror.com/@esbuild/sunos-x64/-/sunos-x64-0.16.17.tgz",
			"integrity": "sha512-xtVUiev38tN0R3g8VhRfN7Zl42YCJvyBhRKw1RJjwE1d2emWTVToPLNEQj/5Qxc6lVFATDiy6LjVHYhIPrLxzw==",
			"dev": true,
			"optional": true
		},
		"@esbuild/win32-arm64": {
			"version": "0.16.17",
			"resolved": "https://registry.npmmirror.com/@esbuild/win32-arm64/-/win32-arm64-0.16.17.tgz",
			"integrity": "sha512-ga8+JqBDHY4b6fQAmOgtJJue36scANy4l/rL97W+0wYmijhxKetzZdKOJI7olaBaMhWt8Pac2McJdZLxXWUEQw==",
			"dev": true,
			"optional": true
		},
		"@esbuild/win32-ia32": {
			"version": "0.16.17",
			"resolved": "https://registry.npmmirror.com/@esbuild/win32-ia32/-/win32-ia32-0.16.17.tgz",
			"integrity": "sha512-WnsKaf46uSSF/sZhwnqE4L/F89AYNMiD4YtEcYekBt9Q7nj0DiId2XH2Ng2PHM54qi5oPrQ8luuzGszqi/veig==",
			"dev": true,
			"optional": true
		},
		"@esbuild/win32-x64": {
			"version": "0.16.17",
			"resolved": "https://registry.npmmirror.com/@esbuild/win32-x64/-/win32-x64-0.16.17.tgz",
			"integrity": "sha512-y+EHuSchhL7FjHgvQL/0fnnFmO4T1bhvWANX6gcnqTjtnKWbTvUMCpGnv2+t+31d7RzyEAYAd4u2fnIhHL6N/Q==",
			"dev": true,
			"optional": true
		},
		"@jridgewell/sourcemap-codec": {
			"version": "1.4.15",
			"resolved": "https://registry.npmmirror.com/@jridgewell/sourcemap-codec/-/sourcemap-codec-1.4.15.tgz",
			"integrity": "sha512-eF2rxCRulEKXHTRiDrDy6erMYWqNw4LPdQ8UQA4huuxaQsVeRPFl2oM8oDGxMFhJUWZf9McpLtJasDDZb/Bpeg==",
			"dev": true
		},
		"@polka/url": {
			"version": "1.0.0-next.25",
			"resolved": "https://registry.npmmirror.com/@polka/url/-/url-1.0.0-next.25.tgz",
			"integrity": "sha512-j7P6Rgr3mmtdkeDGTe0E/aYyWEWVtc5yFXtHCRHs28/jptDEWfaVOc5T7cblqy1XKPPfCxJc/8DwQ5YgLOZOVQ==",
			"dev": true
		},
		"@rollup/plugin-commonjs": {
			"version": "24.1.0",
			"resolved": "https://registry.npmmirror.com/@rollup/plugin-commonjs/-/plugin-commonjs-24.1.0.tgz",
			"integrity": "sha512-eSL45hjhCWI0jCCXcNtLVqM5N1JlBGvlFfY0m6oOYnLCJ6N0qEXoZql4sY2MOUArzhH4SA/qBpTxvvZp2Sc+DQ==",
			"dev": true,
			"requires": {
				"@rollup/pluginutils": "^5.0.1",
				"commondir": "^1.0.1",
				"estree-walker": "^2.0.2",
				"glob": "^8.0.3",
				"is-reference": "1.2.1",
				"magic-string": "^0.27.0"
			}
		},
		"@rollup/plugin-json": {
			"version": "6.1.0",
			"resolved": "https://registry.npmmirror.com/@rollup/plugin-json/-/plugin-json-6.1.0.tgz",
			"integrity": "sha512-EGI2te5ENk1coGeADSIwZ7G2Q8CJS2sF120T7jLw4xFw9n7wIOXHo+kIYRAoVpJAN+kmqZSoO3Fp4JtoNF4ReA==",
			"dev": true,
			"requires": {
				"@rollup/pluginutils": "^5.1.0"
			}
		},
		"@rollup/plugin-node-resolve": {
			"version": "15.2.3",
			"resolved": "https://registry.npmmirror.com/@rollup/plugin-node-resolve/-/plugin-node-resolve-15.2.3.tgz",
			"integrity": "sha512-j/lym8nf5E21LwBT4Df1VD6hRO2L2iwUeUmP7litikRsVp1H6NWx20NEp0Y7su+7XGc476GnXXc4kFeZNGmaSQ==",
			"dev": true,
			"requires": {
				"@rollup/pluginutils": "^5.0.1",
				"@types/resolve": "1.20.2",
				"deepmerge": "^4.2.2",
				"is-builtin-module": "^3.2.1",
				"is-module": "^1.0.0",
				"resolve": "^1.22.1"
			}
		},
		"@rollup/pluginutils": {
			"version": "5.1.0",
			"resolved": "https://registry.npmmirror.com/@rollup/pluginutils/-/pluginutils-5.1.0.tgz",
			"integrity": "sha512-XTIWOPPcpvyKI6L1NHo0lFlCyznUEyPmPY1mc3KpPVDYulHSTvyeLNVW00QTLIAFNhR3kYnJTQHeGqU4M3n09g==",
			"dev": true,
			"requires": {
				"@types/estree": "^1.0.0",
				"estree-walker": "^2.0.2",
				"picomatch": "^2.3.1"
			}
		},
		"@sveltejs/adapter-auto": {
			"version": "2.0.0",
			"resolved": "https://registry.npmmirror.com/@sveltejs/adapter-auto/-/adapter-auto-2.0.0.tgz",
			"integrity": "sha512-b+gkHFZgD771kgV3aO4avHFd7y1zhmMYy9i6xOK7m/rwmwaRO8gnF5zBc0Rgca80B2PMU1bKNxyBTHA14OzUAQ==",
			"dev": true,
			"requires": {
				"import-meta-resolve": "^2.2.0"
			}
		},
		"@sveltejs/adapter-node": {
			"version": "1.2.0",
			"resolved": "https://registry.npmmirror.com/@sveltejs/adapter-node/-/adapter-node-1.2.0.tgz",
			"integrity": "sha512-j0nxkrNZ4zBkOIOtqHUET5l8qvcFo64xNL2xv8F1QICkz746o5DVCGaJEPC3B2X2fTklXExxe80yXZhf38p6zg==",
			"dev": true,
			"requires": {
				"@rollup/plugin-commonjs": "^24.0.0",
				"@rollup/plugin-json": "^6.0.0",
				"@rollup/plugin-node-resolve": "^15.0.1",
				"rollup": "^3.7.0"
			}
		},
		"@sveltejs/adapter-static": {
			"version": "2.0.1",
			"resolved": "https://registry.npmmirror.com/@sveltejs/adapter-static/-/adapter-static-2.0.1.tgz",
			"integrity": "sha512-o5/q3YwD/ErxYCFlK1v3ydvldyNKk1lh3oeyxn4mhz+Pkbx/uuxhzmbOpytTlp5aVqNHDVsb04xadUzOFCDDzw==",
			"dev": true
		},
		"@sveltejs/kit": {
			"version": "1.8.5",
			"resolved": "https://registry.npmmirror.com/@sveltejs/kit/-/kit-1.8.5.tgz",
			"integrity": "sha512-b6kbjVAivoPd3oL9IVBaZBWiuHeI0qBKfszSDXcqsPfiSMyUK7ilHDFVSWNn+2EMPO48+87iuho71yTCOXZE3w==",
			"dev": true,
			"requires": {
				"@sveltejs/vite-plugin-svelte": "^2.0.0",
				"@types/cookie": "^0.5.1",
				"cookie": "^0.5.0",
				"devalue": "^4.3.0",
				"esm-env": "^1.0.0",
				"kleur": "^4.1.5",
				"magic-string": "^0.30.0",
				"mime": "^3.0.0",
				"sade": "^1.8.1",
				"set-cookie-parser": "^2.5.1",
				"sirv": "^2.0.2",
				"tiny-glob": "^0.2.9",
				"undici": "5.20.0"
			},
			"dependencies": {
				"magic-string": {
					"version": "0.30.9",
					"resolved": "https://registry.npmmirror.com/magic-string/-/magic-string-0.30.9.tgz",
					"integrity": "sha512-S1+hd+dIrC8EZqKyT9DstTH/0Z+f76kmmvZnkfQVmOpDEF9iVgdYif3Q/pIWHmCoo59bQVGW0kVL3e2nl+9+Sw==",
					"dev": true,
					"requires": {
						"@jridgewell/sourcemap-codec": "^1.4.15"
					}
				}
			}
		},
		"@sveltejs/vite-plugin-svelte": {
			"version": "2.5.3",
			"resolved": "https://registry.npmmirror.com/@sveltejs/vite-plugin-svelte/-/vite-plugin-svelte-2.5.3.tgz",
			"integrity": "sha512-erhNtXxE5/6xGZz/M9eXsmI7Pxa6MS7jyTy06zN3Ck++ldrppOnOlJwHHTsMC7DHDQdgUp4NAc4cDNQ9eGdB/w==",
			"dev": true,
			"requires": {
				"@sveltejs/vite-plugin-svelte-inspector": "^1.0.4",
				"debug": "^4.3.4",
				"deepmerge": "^4.3.1",
				"kleur": "^4.1.5",
				"magic-string": "^0.30.3",
				"svelte-hmr": "^0.15.3",
				"vitefu": "^0.2.4"
			},
			"dependencies": {
				"magic-string": {
					"version": "0.30.9",
					"resolved": "https://registry.npmmirror.com/magic-string/-/magic-string-0.30.9.tgz",
					"integrity": "sha512-S1+hd+dIrC8EZqKyT9DstTH/0Z+f76kmmvZnkfQVmOpDEF9iVgdYif3Q/pIWHmCoo59bQVGW0kVL3e2nl+9+Sw==",
					"dev": true,
					"requires": {
						"@jridgewell/sourcemap-codec": "^1.4.15"
					}
				}
			}
		},
		"@sveltejs/vite-plugin-svelte-inspector": {
			"version": "1.0.4",
			"resolved": "https://registry.npmmirror.com/@sveltejs/vite-plugin-svelte-inspector/-/vite-plugin-svelte-inspector-1.0.4.tgz",
			"integrity": "sha512-zjiuZ3yydBtwpF3bj0kQNV0YXe+iKE545QGZVTaylW3eAzFr+pJ/cwK8lZEaRp4JtaJXhD5DyWAV4AxLh6DgaQ==",
			"dev": true,
			"requires": {
				"debug": "^4.3.4"
			}
		},
		"@types/cookie": {
			"version": "0.5.4",
			"resolved": "https://registry.npmmirror.com/@types/cookie/-/cookie-0.5.4.tgz",
			"integrity": "sha512-7z/eR6O859gyWIAjuvBWFzNURmf2oPBmJlfVWkwehU5nzIyjwBsTh7WMmEEV4JFnHuQ3ex4oyTvfKzcyJVDBNA==",
			"dev": true
		},
		"@types/estree": {
			"version": "1.0.5",
			"resolved": "https://registry.npmmirror.com/@types/estree/-/estree-1.0.5.tgz",
			"integrity": "sha512-/kYRxGDLWzHOB7q+wtSUQlFrtcdUccpfy+X+9iMBpHK8QLLhx2wIPYuS5DYtR9Wa/YlZAbIovy7qVdB1Aq6Lyw==",
			"dev": true
		},
		"@types/resolve": {
			"version": "1.20.2",
			"resolved": "https://registry.npmmirror.com/@types/resolve/-/resolve-1.20.2.tgz",
			"integrity": "sha512-60BCwRFOZCQhDncwQdxxeOEEkbc5dIMccYLwbxsS4TUNeVECQ/pBJ0j09mrHOl/JJvpRPGwO9SvE4nR2Nb/a4Q==",
			"dev": true
		},
		"balanced-match": {
			"version": "1.0.2",
			"resolved": "https://registry.npmmirror.com/balanced-match/-/balanced-match-1.0.2.tgz",
			"integrity": "sha512-3oSeUO0TMV67hN1AmbXsK4yaqU7tjiHlbxRDZOpH0KW9+CeX4bRAaX0Anxt0tx2MrpRpWwQaPwIlISEJhYU5Pw==",
			"dev": true
		},
		"brace-expansion": {
			"version": "2.0.1",
			"resolved": "https://registry.npmmirror.com/brace-expansion/-/brace-expansion-2.0.1.tgz",
			"integrity": "sha512-XnAIvQ8eM+kC6aULx6wuQiwVsnzsi9d3WxzV3FpWTGA19F621kwdbsAcFKXgKUHZWsy+mY6iL1sHTxWEFCytDA==",
			"dev": true,
			"requires": {
				"balanced-match": "^1.0.0"
			}
		},
		"builtin-modules": {
			"version": "3.3.0",
			"resolved": "https://registry.npmmirror.com/builtin-modules/-/builtin-modules-3.3.0.tgz",
			"integrity": "sha512-zhaCDicdLuWN5UbN5IMnFqNMhNfo919sH85y2/ea+5Yg9TsTkeZxpL+JLbp6cgYFS4sRLp3YV4S6yDuqVWHYOw==",
			"dev": true
		},
		"busboy": {
			"version": "1.6.0",
			"resolved": "https://registry.npmmirror.com/busboy/-/busboy-1.6.0.tgz",
			"integrity": "sha512-8SFQbg/0hQ9xy3UNTB0YEnsNBbWfhf7RtnzpL7TkBiTBRfrQ9Fxcnz7VJsleJpyp6rVLvXiuORqjlHi5q+PYuA==",
			"dev": true,
			"requires": {
				"streamsearch": "^1.1.0"
			}
		},
		"commondir": {
			"version": "1.0.1",
			"resolved": "https://registry.npmmirror.com/commondir/-/commondir-1.0.1.tgz",
			"integrity": "sha512-W9pAhw0ja1Edb5GVdIF1mjZw/ASI0AlShXM83UUGe2DVr5TdAPEA1OA8m/g8zWp9x6On7gqufY+FatDbC3MDQg==",
			"dev": true
		},
		"cookie": {
			"version": "0.5.0",
			"resolved": "https://registry.npmmirror.com/cookie/-/cookie-0.5.0.tgz",
			"integrity": "sha512-YZ3GUyn/o8gfKJlnlX7g7xq4gyO6OSuhGPKaaGssGB2qgDUS0gPgtTvoyZLTt9Ab6dC4hfc9dV5arkvc/OCmrw==",
			"dev": true
		},
		"debug": {
			"version": "4.3.4",
			"resolved": "https://registry.npmmirror.com/debug/-/debug-4.3.4.tgz",
			"integrity": "sha512-PRWFHuSU3eDtQJPvnNY7Jcket1j0t5OuOsFzPPzsekD52Zl8qUfFIPEiswXqIvHWGVHOgX+7G/vCNNhehwxfkQ==",
			"dev": true,
			"requires": {
				"ms": "2.1.2"
			}
		},
		"deepmerge": {
			"version": "4.3.1",
			"resolved": "https://registry.npmmirror.com/deepmerge/-/deepmerge-4.3.1.tgz",
			"integrity": "sha512-3sUqbMEc77XqpdNO7FRyRog+eW3ph+GYCbj+rK+uYyRMuwsVy0rMiVtPn+QJlKFvWP/1PYpapqYn0Me2knFn+A==",
			"dev": true
		},
		"devalue": {
			"version": "4.3.2",
			"resolved": "https://registry.npmmirror.com/devalue/-/devalue-4.3.2.tgz",
			"integrity": "sha512-KqFl6pOgOW+Y6wJgu80rHpo2/3H07vr8ntR9rkkFIRETewbf5GaYYcakYfiKz89K+sLsuPkQIZaXDMjUObZwWg==",
			"dev": true
		},
		"esbuild": {
			"version": "0.16.17",
			"resolved": "https://registry.npmmirror.com/esbuild/-/esbuild-0.16.17.tgz",
			"integrity": "sha512-G8LEkV0XzDMNwXKgM0Jwu3nY3lSTwSGY6XbxM9cr9+s0T/qSV1q1JVPBGzm3dcjhCic9+emZDmMffkwgPeOeLg==",
			"dev": true,
			"requires": {
				"@esbuild/android-arm": "0.16.17",
				"@esbuild/android-arm64": "0.16.17",
				"@esbuild/android-x64": "0.16.17",
				"@esbuild/darwin-arm64": "0.16.17",
				"@esbuild/darwin-x64": "0.16.17",
				"@esbuild/freebsd-arm64": "0.16.17",
				"@esbuild/freebsd-x64": "0.16.17",
				"@esbuild/linux-arm": "0.16.17",
				"@esbuild/linux-arm64": "0.16.17",
				"@esbuild/linux-ia32": "0.16.17",
				"@esbuild/linux-loong64": "0.16.17",
				"@esbuild/linux-mips64el": "0.16.17",
				"@esbuild/linux-ppc64": "0.16.17",
				"@esbuild/linux-riscv64": "0.16.17",
				"@esbuild/linux-s390x": "0.16.17",
				"@esbuild/linux-x64": "0.16.17",
				"@esbuild/netbsd-x64": "0.16.17",
				"@esbuild/openbsd-x64": "0.16.17",
				"@esbuild/sunos-x64": "0.16.17",
				"@esbuild/win32-arm64": "0.16.17",
				"@esbuild/win32-ia32": "0.16.17",
				"@esbuild/win32-x64": "0.16.17"
			}
		},
		"esm-env": {
			"version": "1.0.0",
			"resolved": "https://registry.npmmirror.com/esm-env/-/esm-env-1.0.0.tgz",
			"integrity": "sha512-Cf6VksWPsTuW01vU9Mk/3vRue91Zevka5SjyNf3nEpokFRuqt/KjUQoGAwq9qMmhpLTHmXzSIrFRw8zxWzmFBA==",
			"dev": true
		},
		"estree-walker": {
			"version": "2.0.2",
			"resolved": "https://registry.npmmirror.com/estree-walker/-/estree-walker-2.0.2.tgz",
			"integrity": "sha512-Rfkk/Mp/DL7JVje3u18FxFujQlTNR2q6QfMSMB7AvCBx91NGj/ba3kCfza0f6dVDbw7YlRf/nDrn7pQrCCyQ/w==",
			"dev": true
		},
		"fs.realpath": {
			"version": "1.0.0",
			"resolved": "https://registry.npmmirror.com/fs.realpath/-/fs.realpath-1.0.0.tgz",
			"integrity": "sha512-OO0pH2lK6a0hZnAdau5ItzHPI6pUlvI7jMVnxUQRtw4owF2wk8lOSabtGDCTP4Ggrg2MbGnWO9X8K1t4+fGMDw==",
			"dev": true
		},
		"fsevents": {
			"version": "2.3.3",
			"resolved": "https://registry.npmmirror.com/fsevents/-/fsevents-2.3.3.tgz",
			"integrity": "sha512-5xoDfX+fL7faATnagmWPpbFtwh/R77WmMMqqHGS65C3vvB0YHrgF+B1YmZ3441tMj5n63k0212XNoJwzlhffQw==",
			"dev": true,
			"optional": true
		},
		"function-bind": {
			"version": "1.1.2",
			"resolved": "https://registry.npmmirror.com/function-bind/-/function-bind-1.1.2.tgz",
			"integrity": "sha512-7XHNxH7qX9xG5mIwxkhumTox/MIRNcOgDrxWsMt2pAr23WHp6MrRlN7FBSFpCpr+oVO0F744iUgR82nJMfG2SA==",
			"dev": true
		},
		"glob": {
			"version": "8.1.0",
			"resolved": "https://registry.npmmirror.com/glob/-/glob-8.1.0.tgz",
			"integrity": "sha512-r8hpEjiQEYlF2QU0df3dS+nxxSIreXQS1qRhMJM0Q5NDdR386C7jb7Hwwod8Fgiuex+k0GFjgft18yvxm5XoCQ==",
			"dev": true,
			"requires": {
				"fs.realpath": "^1.0.0",
				"inflight": "^1.0.4",
				"inherits": "2",
				"minimatch": "^5.0.1",
				"once": "^1.3.0"
			}
		},
		"globalyzer": {
			"version": "0.1.0",
			"resolved": "https://registry.npmmirror.com/globalyzer/-/globalyzer-0.1.0.tgz",
			"integrity": "sha512-40oNTM9UfG6aBmuKxk/giHn5nQ8RVz/SS4Ir6zgzOv9/qC3kKZ9v4etGTcJbEl/NyVQH7FGU7d+X1egr57Md2Q==",
			"dev": true
		},
		"globrex": {
			"version": "0.1.2",
			"resolved": "https://registry.npmmirror.com/globrex/-/globrex-0.1.2.tgz",
			"integrity": "sha512-uHJgbwAMwNFf5mLst7IWLNg14x1CkeqglJb/K3doi4dw6q2IvAAmM/Y81kevy83wP+Sst+nutFTYOGg3d1lsxg==",
			"dev": true
		},
		"hasown": {
			"version": "2.0.2",
			"resolved": "https://registry.npmmirror.com/hasown/-/hasown-2.0.2.tgz",
			"integrity": "sha512-0hJU9SCPvmMzIBdZFqNPXWa6dqh7WdH0cII9y+CyS8rG3nL48Bclra9HmKhVVUHyPWNH5Y7xDwAB7bfgSjkUMQ==",
			"dev": true,
			"requires": {
				"function-bind": "^1.1.2"
			}
		},
		"import-meta-resolve": {
			"version": "2.2.2",
			"resolved": "https://registry.npmmirror.com/import-meta-resolve/-/import-meta-resolve-2.2.2.tgz",
			"integrity": "sha512-f8KcQ1D80V7RnqVm+/lirO9zkOxjGxhaTC1IPrBGd3MEfNgmNG67tSUO9gTi2F3Blr2Az6g1vocaxzkVnWl9MA==",
			"dev": true
		},
		"inflight": {
			"version": "1.0.6",
			"resolved": "https://registry.npmmirror.com/inflight/-/inflight-1.0.6.tgz",
			"integrity": "sha512-k92I/b08q4wvFscXCLvqfsHCrjrF7yiXsQuIVvVE7N82W3+aqpzuUdBbfhWcy/FZR3/4IgflMgKLOsvPDrGCJA==",
			"dev": true,
			"requires": {
				"once": "^1.3.0",
				"wrappy": "1"
			}
		},
		"inherits": {
			"version": "2.0.4",
			"resolved": "https://registry.npmmirror.com/inherits/-/inherits-2.0.4.tgz",
			"integrity": "sha512-k/vGaX4/Yla3WzyMCvTQOXYeIHvqOKtnqBduzTHpzpQZzAskKMhZ2K+EnBiSM9zGSoIFeMpXKxa4dYeZIQqewQ==",
			"dev": true
		},
		"is-builtin-module": {
			"version": "3.2.1",
			"resolved": "https://registry.npmmirror.com/is-builtin-module/-/is-builtin-module-3.2.1.tgz",
			"integrity": "sha512-BSLE3HnV2syZ0FK0iMA/yUGplUeMmNz4AW5fnTunbCIqZi4vG3WjJT9FHMy5D69xmAYBHXQhJdALdpwVxV501A==",
			"dev": true,
			"requires": {
				"builtin-modules": "^3.3.0"
			}
		},
		"is-core-module": {
			"version": "2.13.1",
			"resolved": "https://registry.npmmirror.com/is-core-module/-/is-core-module-2.13.1.tgz",
			"integrity": "sha512-hHrIjvZsftOsvKSn2TRYl63zvxsgE0K+0mYMoH6gD4omR5IWB2KynivBQczo3+wF1cCkjzvptnI9Q0sPU66ilw==",
			"dev": true,
			"requires": {
				"hasown": "^2.0.0"
			}
		},
		"is-module": {
			"version": "1.0.0",
			"resolved": "https://registry.npmmirror.com/is-module/-/is-module-1.0.0.tgz",
			"integrity": "sha512-51ypPSPCoTEIN9dy5Oy+h4pShgJmPCygKfyRCISBI+JoWT/2oJvK8QPxmwv7b/p239jXrm9M1mlQbyKJ5A152g==",
			"dev": true
		},
		"is-reference": {
			"version": "1.2.1",
			"resolved": "https://registry.npmmirror.com/is-reference/-/is-reference-1.2.1.tgz",
			"integrity": "sha512-U82MsXXiFIrjCK4otLT+o2NA2Cd2g5MLoOVXUZjIOhLurrRxpEXzI8O0KZHr3IjLvlAH1kTPYSuqer5T9ZVBKQ==",
			"dev": true,
			"requires": {
				"@types/estree": "*"
			}
		},
		"kleur": {
			"version": "4.1.5",
			"resolved": "https://registry.npmmirror.com/kleur/-/kleur-4.1.5.tgz",
			"integrity": "sha512-o+NO+8WrRiQEE4/7nwRJhN1HWpVmJm511pBHUxPLtp0BUISzlBplORYSmTclCnJvQq2tKu/sgl3xVpkc7ZWuQQ==",
			"dev": true
		},
		"magic-string": {
			"version": "0.27.0",
			"resolved": "https://registry.npmmirror.com/magic-string/-/magic-string-0.27.0.tgz",
			"integrity": "sha512-8UnnX2PeRAPZuN12svgR9j7M1uWMovg/CEnIwIG0LFkXSJJe4PdfUGiTGl8V9bsBHFUtfVINcSyYxd7q+kx9fA==",
			"dev": true,
			"requires": {
				"@jridgewell/sourcemap-codec": "^1.4.13"
			}
		},
		"mime": {
			"version": "3.0.0",
			"resolved": "https://registry.npmmirror.com/mime/-/mime-3.0.0.tgz",
			"integrity": "sha512-jSCU7/VB1loIWBZe14aEYHU/+1UMEHoaO7qxCOVJOw9GgH72VAWppxNcjU+x9a2k3GSIBXNKxXQFqRvvZ7vr3A==",
			"dev": true
		},
		"minimatch": {
			"version": "5.1.6",
			"resolved": "https://registry.npmmirror.com/minimatch/-/minimatch-5.1.6.tgz",
			"integrity": "sha512-lKwV/1brpG6mBUFHtb7NUmtABCb2WZZmm2wNiOA5hAb8VdCS4B3dtMWyvcoViccwAW/COERjXLt0zP1zXUN26g==",
			"dev": true,
			"requires": {
				"brace-expansion": "^2.0.1"
			}
		},
		"mri": {
			"version": "1.2.0",
			"resolved": "https://registry.npmmirror.com/mri/-/mri-1.2.0.tgz",
			"integrity": "sha512-tzzskb3bG8LvYGFF/mDTpq3jpI6Q9wc3LEmBaghu+DdCssd1FakN7Bc0hVNmEyGq1bq3RgfkCb3cmQLpNPOroA==",
			"dev": true
		},
		"mrmime": {
			"version": "2.0.0",
			"resolved": "https://registry.npmmirror.com/mrmime/-/mrmime-2.0.0.tgz",
			"integrity": "sha512-eu38+hdgojoyq63s+yTpN4XMBdt5l8HhMhc4VKLO9KM5caLIBvUm4thi7fFaxyTmCKeNnXZ5pAlBwCUnhA09uw==",
			"dev": true
		},
		"ms": {
			"version": "2.1.2",
			"resolved": "https://registry.npmmirror.com/ms/-/ms-2.1.2.tgz",
			"integrity": "sha512-sGkPx+VjMtmA6MX27oA4FBFELFCZZ4S4XqeGOXCv68tT+jb3vk/RyaKWP0PTKyWtmLSM0b+adUTEvbs1PEaH2w==",
			"dev": true
		},
		"nanoid": {
			"version": "3.3.7",
			"resolved": "https://registry.npmmirror.com/nanoid/-/nanoid-3.3.7.tgz",
			"integrity": "sha512-eSRppjcPIatRIMC1U6UngP8XFcz8MQWGQdt1MTBQ7NaAmvXDfvNxbvWV3x2y6CdEUciCSsDHDQZbhYaB8QEo2g==",
			"dev": true
		},
		"once": {
			"version": "1.4.0",
			"resolved": "https://registry.npmmirror.com/once/-/once-1.4.0.tgz",
			"integrity": "sha512-lNaJgI+2Q5URQBkccEKHTQOPaXdUxnZZElQTZY0MFUAuaEqe1E+Nyvgdz/aIyNi6Z9MzO5dv1H8n58/GELp3+w==",
			"dev": true,
			"requires": {
				"wrappy": "1"
			}
		},
		"path-parse": {
			"version": "1.0.7",
			"resolved": "https://registry.npmmirror.com/path-parse/-/path-parse-1.0.7.tgz",
			"integrity": "sha512-LDJzPVEEEPR+y48z93A0Ed0yXb8pAByGWo/k5YYdYgpY2/2EsOsksJrq7lOHxryrVOn1ejG6oAp8ahvOIQD8sw==",
			"dev": true
		},
		"picocolors": {
			"version": "1.0.0",
			"resolved": "https://registry.npmmirror.com/picocolors/-/picocolors-1.0.0.tgz",
			"integrity": "sha512-1fygroTLlHu66zi26VoTDv8yRgm0Fccecssto+MhsZ0D/DGW2sm8E8AjW7NU5VVTRt5GxbeZ5qBuJr+HyLYkjQ==",
			"dev": true
		},
		"picomatch": {
			"version": "2.3.1",
			"resolved": "https://registry.npmmirror.com/picomatch/-/picomatch-2.3.1.tgz",
			"integrity": "sha512-JU3teHTNjmE2VCGFzuY8EXzCDVwEqB2a8fsIvwaStHhAWJEeVd1o1QD80CU6+ZdEXXSLbSsuLwJjkCBWqRQUVA==",
			"dev": true
		},
		"postcss": {
			"version": "8.4.38",
			"resolved": "https://registry.npmmirror.com/postcss/-/postcss-8.4.38.tgz",
			"integrity": "sha512-Wglpdk03BSfXkHoQa3b/oulrotAkwrlLDRSOb9D0bN86FdRyE9lppSp33aHNPgBa0JKCoB+drFLZkQoRRYae5A==",
			"dev": true,
			"requires": {
				"nanoid": "^3.3.7",
				"picocolors": "^1.0.0",
				"source-map-js": "^1.2.0"
			}
		},
		"resolve": {
			"version": "1.22.8",
			"resolved": "https://registry.npmmirror.com/resolve/-/resolve-1.22.8.tgz",
			"integrity": "sha512-oKWePCxqpd6FlLvGV1VU0x7bkPmmCNolxzjMf4NczoDnQcIWrAF+cPtZn5i6n+RfD2d9i0tzpKnG6Yk168yIyw==",
			"dev": true,
			"requires": {
				"is-core-module": "^2.13.0",
				"path-parse": "^1.0.7",
				"supports-preserve-symlinks-flag": "^1.0.0"
			}
		},
		"rollup": {
			"version": "3.29.4",
			"resolved": "https://registry.npmmirror.com/rollup/-/rollup-3.29.4.tgz",
			"integrity": "sha512-oWzmBZwvYrU0iJHtDmhsm662rC15FRXmcjCk1xD771dFDx5jJ02ufAQQTn0etB2emNk4J9EZg/yWKpsn9BWGRw==",
			"dev": true,
			"requires": {
				"fsevents": "~2.3.2"
			}
		},
		"sade": {
			"version": "1.8.1",
			"resolved": "https://registry.npmmirror.com/sade/-/sade-1.8.1.tgz",
			"integrity": "sha512-xal3CZX1Xlo/k4ApwCFrHVACi9fBqJ7V+mwhBsuf/1IOKbBy098Fex+Wa/5QMubw09pSZ/u8EY8PWgevJsXp1A==",
			"dev": true,
			"requires": {
				"mri": "^1.1.0"
			}
		},
		"set-cookie-parser": {
			"version": "2.6.0",
			"resolved": "https://registry.npmmirror.com/set-cookie-parser/-/set-cookie-parser-2.6.0.tgz",
			"integrity": "sha512-RVnVQxTXuerk653XfuliOxBP81Sf0+qfQE73LIYKcyMYHG94AuH0kgrQpRDuTZnSmjpysHmzxJXKNfa6PjFhyQ==",
			"dev": true
		},
		"sirv": {
			"version": "2.0.4",
			"resolved": "https://registry.npmmirror.com/sirv/-/sirv-2.0.4.tgz",
			"integrity": "sha512-94Bdh3cC2PKrbgSOUqTiGPWVZeSiXfKOVZNJniWoqrWrRkB1CJzBU3NEbiTsPcYy1lDsANA/THzS+9WBiy5nfQ==",
			"dev": true,
			"requires": {
				"@polka/url": "^1.0.0-next.24",
				"mrmime": "^2.0.0",
				"totalist": "^3.0.0"
			}
		},
		"source-map-js": {
			"version": "1.2.0",
			"resolved": "https://registry.npmmirror.com/source-map-js/-/source-map-js-1.2.0.tgz",
			"integrity": "sha512-itJW8lvSA0TXEphiRoawsCksnlf8SyvmFzIhltqAHluXd88pkCd+cXJVHTDwdCr0IzwptSm035IHQktUu1QUMg==",
			"dev": true
		},
		"streamsearch": {
			"version": "1.1.0",
			"resolved": "https://registry.npmmirror.com/streamsearch/-/streamsearch-1.1.0.tgz",
			"integrity": "sha512-Mcc5wHehp9aXz1ax6bZUyY5afg9u2rv5cqQI3mRrYkGC8rW2hM02jWuwjtL++LS5qinSyhj2QfLyNsuc+VsExg==",
			"dev": true
		},
		"supports-preserve-symlinks-flag": {
			"version": "1.0.0",
			"resolved": "https://registry.npmmirror.com/supports-preserve-symlinks-flag/-/supports-preserve-symlinks-flag-1.0.0.tgz",
			"integrity": "sha512-ot0WnXS9fgdkgIcePe6RHNk1WA8+muPa6cSjeR3V8K27q9BB1rTE3R1p7Hv0z1ZyAc8s6Vvv8DIyWf681MAt0w==",
			"dev": true
		},
		"svelte": {
			"version": "3.55.1",
			"resolved": "https://registry.npmmirror.com/svelte/-/svelte-3.55.1.tgz",
			"integrity": "sha512-S+87/P0Ve67HxKkEV23iCdAh/SX1xiSfjF1HOglno/YTbSTW7RniICMCofWGdJJbdjw3S+0PfFb1JtGfTXE0oQ==",
			"dev": true
		},
		"svelte-hmr": {
			"version": "0.15.3",
			"resolved": "https://registry.npmmirror.com/svelte-hmr/-/svelte-hmr-0.15.3.tgz",
			"integrity": "sha512-41snaPswvSf8TJUhlkoJBekRrABDXDMdpNpT2tfHIv4JuhgvHqLMhEPGtaQn0BmbNSTkuz2Ed20DF2eHw0SmBQ==",
			"dev": true
		},
		"tiny-glob": {
			"version": "0.2.9",
			"resolved": "https://registry.npmmirror.com/tiny-glob/-/tiny-glob-0.2.9.tgz",
			"integrity": "sha512-g/55ssRPUjShh+xkfx9UPDXqhckHEsHr4Vd9zX55oSdGZc/MD0m3sferOkwWtp98bv+kcVfEHtRJgBVJzelrzg==",
			"dev": true,
			"requires": {
				"globalyzer": "0.1.0",
				"globrex": "^0.1.2"
			}
		},
		"totalist": {
			"version": "3.0.1",
			"resolved": "https://registry.npmmirror.com/totalist/-/totalist-3.0.1.tgz",
			"integrity": "sha512-sf4i37nQ2LBx4m3wB74y+ubopq6W/dIzXg0FDGjsYnZHVa1Da8FH853wlL2gtUhg+xJXjfk3kUZS3BRoQeoQBQ==",
			"dev": true
		},
		"undici": {
			"version": "5.20.0",
			"resolved": "https://registry.npmmirror.com/undici/-/undici-5.20.0.tgz",
			"integrity": "sha512-J3j60dYzuo6Eevbawwp1sdg16k5Tf768bxYK4TUJRH7cBM4kFCbf3mOnM/0E3vQYXvpxITbbWmBafaDbxLDz3g==",
			"dev": true,
			"requires": {
				"busboy": "^1.6.0"
			}
		},
		"vite": {
			"version": "4.1.4",
			"resolved": "https://registry.npmmirror.com/vite/-/vite-4.1.4.tgz",
			"integrity": "sha512-3knk/HsbSTKEin43zHu7jTwYWv81f8kgAL99G5NWBcA1LKvtvcVAC4JjBH1arBunO9kQka+1oGbrMKOjk4ZrBg==",
			"dev": true,
			"requires": {
				"esbuild": "^0.16.14",
				"fsevents": "~2.3.2",
				"postcss": "^8.4.21",
				"resolve": "^1.22.1",
				"rollup": "^3.10.0"
			}
		},
		"vitefu": {
			"version": "0.2.5",
			"resolved": "https://registry.npmmirror.com/vitefu/-/vitefu-0.2.5.tgz",
			"integrity": "sha512-SgHtMLoqaeeGnd2evZ849ZbACbnwQCIwRH57t18FxcXoZop0uQu0uzlIhJBlF/eWVzuce0sHeqPcDo+evVcg8Q==",
			"dev": true
		},
		"wrappy": {
			"version": "1.0.2",
			"resolved": "https://registry.npmmirror.com/wrappy/-/wrappy-1.0.2.tgz",
			"integrity": "sha512-l4Sp/DRseor9wL6EvV2+TuQn63dMkPjZ/sp9XkghTEbV9KlPS1xUsZ3u7/IQO4wxtcFB4bgpQPRcR3QCvezPcQ==",
			"dev": true
		}
	}
}